
Microsoft Visual Studio Solution File, Format Version 12.00
# Visual Studio Version 16
VisualStudioVersion = 16.0.30128.74
MinimumVisualStudioVersion = 10.0.40219.1
Project("{9A19103F-16F7-4668-BE54-9A1E7A4F7556}") = "WebApplicationNetCoreDev", "WebApplicationNetCoreDev\WebApplicationNetCoreDev.csproj", "{6D6F9B24-C47F-46C9-BBAE-05C9D4ED2764}"
EndProject
Project("{9A19103F-16F7-4668-BE54-9A1E7A4F7556}") = "EncryptDecrypt", "EncryptDecrypt\EncryptDecrypt\EncryptDecrypt.csproj", "{C1B4B205-9F3A-4655-87DA-A39CD7CE86D5}"
EndProject
Project("{FAE04EC0-301F-11D3-BF4B-00C04F79EFBC}") = "EncryptDecryptForm", "EncryptDecrypt\EncryptDecryptForm\EncryptDecryptForm.csproj", "{DB45A1F7-DC31-409D-97C1-BCD66A28067F}"
EndProject
Project("{2150E333-8FDC-42A3-9474-1A3956D46DE8}") = "env", "env", "{0835D623-A671-4B99-9FBA-8114B73D1EEE}"
	ProjectSection(SolutionItems) = preProject
		env\log4net.debug.config = env\log4net.debug.config
		env\log4net.release.config = env\log4net.release.config
	EndProjectSection
EndProject
Project("{9A19103F-16F7-4668-BE54-9A1E7A4F7556}") = "Log4netLogger", "Log4netLogger\Log4netLogger.csproj", "{EE48520A-D6CD-49FF-BD80-F7C7FA02E5D8}"
EndProject
Project("{9A19103F-16F7-4668-BE54-9A1E7A4F7556}") = "SimpleImpersonation", "SimpleImpersonation\src\SimpleImpersonation.csproj", "{B5638545-E2CB-4F91-ABEF-67F4183912F2}"
EndProject
Project("{9A19103F-16F7-4668-BE54-9A1E7A4F7556}") = "AdvertisingCampaign", "AdvertisingCampaign\AdvertisingCampaign.csproj", "{56F44524-037B-4D52-A50A-E6DF9C2EE08A}"
EndProject
Project("{2150E333-8FDC-42A3-9474-1A3956D46DE8}") = "PortalApiGus", "PortalApiGus", "{942239AD-6F36-4DAD-93D0-44B83F8E4F6D}"
EndProject
Project("{9A19103F-16F7-4668-BE54-9A1E7A4F7556}") = "PortalApiGusApiRegonData", "PortalApiGus\ApiRegon\PortalApiGusApiRegonData\PortalApiGusApiRegonData.csproj", "{1C618623-E5BF-485F-A7BB-3A895DF6F4E3}"
EndProject
Project("{9A19103F-16F7-4668-BE54-9A1E7A4F7556}") = "TestConsoleApp", "TestConsoleApp\TestConsoleApp.csproj", "{55722A81-81B0-4F3D-BE76-40FC315B8AAA}"
EndProject
Project("{840C416C-B8F3-42BC-B0DD-F6BB14C9F8CB}") = "PortalApiGusInstaller", "PortalApiGusInstaller\PortalApiGusInstaller.aiproj", "{FA2AF9F9-C34D-4AA4-9C5C-31B8F86DC117}"
EndProject
Project("{9A19103F-16F7-4668-BE54-9A1E7A4F7556}") = "IcasaMutationServiceData", "Icasa\MutationService\IcasaMutationServiceData\IcasaMutationServiceData.csproj", "{0900DF1C-0714-42BA-A974-736D3A24D7EB}"
EndProject
Project("{2150E333-8FDC-42A3-9474-1A3956D46DE8}") = "Icasa", "Icasa", "{1AB1E35A-4DBD-4B8D-8B88-9302B7B3BBB8}"
EndProject
Project("{9A19103F-16F7-4668-BE54-9A1E7A4F7556}") = "IcasaReportServiceData", "Icasa\ReportService\IcasaReportServiceData\IcasaReportServiceData.csproj", "{9970A4C1-5C92-43D6-AEC1-260D9E5BC28C}"
EndProject
Project("{9A19103F-16F7-4668-BE54-9A1E7A4F7556}") = "RabbitMQPublisherTest", "RabbitMQPublisherTest\RabbitMQPublisherTest.csproj", "{C0E251E0-5F2D-4F16-8F28-1839667B2D3C}"
EndProject
Project("{2150E333-8FDC-42A3-9474-1A3956D46DE8}") = "EntropyOfCardShuffling", "EntropyOfCardShuffling", "{12A81200-9A91-41A4-AD8F-7529115796C7}"
EndProject
Project("{9A19103F-16F7-4668-BE54-9A1E7A4F7556}") = "EntropyOfCardShufflingRabbitMQSubscriber", "EntropyOfCardShuffling\EntropyOfCardShufflingRabbitMQSubscriber\EntropyOfCardShufflingRabbitMQSubscriber.csproj", "{F0E15AF3-B97F-47D0-9381-3D43BF4AD42F}"
EndProject
Project("{9A19103F-16F7-4668-BE54-9A1E7A4F7556}") = "EntropyOfCardShufflingRabbitMQPublisher", "EntropyOfCardShuffling\EntropyOfCardShufflingRabbitMQPublisher\EntropyOfCardShufflingRabbitMQPublisher.csproj", "{AF237620-93CE-40CB-8715-1339140175E9}"
EndProject
Project("{9A19103F-16F7-4668-BE54-9A1E7A4F7556}") = "EntropyOfCardShufflingRabbitMQBroker", "EntropyOfCardShuffling\EntropyOfCardShufflingRabbitMQBroker\EntropyOfCardShufflingRabbitMQBroker.csproj", "{21EDFAE3-53E3-430D-AF11-B660E152C2FF}"
EndProject
Project("{9A19103F-16F7-4668-BE54-9A1E7A4F7556}") = "EntropyOfCardShufflingData", "EntropyOfCardShuffling\EntropyOfCardShufflingData\EntropyOfCardShufflingData.csproj", "{74773C66-83FB-47F9-A12C-6167ED1CC2B5}"
EndProject
Project("{9A19103F-16F7-4668-BE54-9A1E7A4F7556}") = "WebApplicationTestDocker", "WebApplicationTestDocker\WebApplicationTestDocker.csproj", "{1779783E-6296-4121-8F3B-80EF1A592CD1}"
EndProject
Project("{2150E333-8FDC-42A3-9474-1A3956D46DE8}") = "lib", "lib", "{B328C63A-B31A-452C-963E-AA4B9EDDA75C}"
EndProject
Project("{2150E333-8FDC-42A3-9474-1A3956D46DE8}") = "telerik.ui.for.aspnet.core", "telerik.ui.for.aspnet.core", "{ECE9FE22-45BC-42FE-894B-09565EAA7759}"
EndProject
Project("{2150E333-8FDC-42A3-9474-1A3956D46DE8}") = "netcoreapp3.1", "netcoreapp3.1", "{34D3FFAC-F8E2-4074-9D9E-4CE096D5B5BD}"
	ProjectSection(SolutionItems) = preProject
		packages\telerik.ui.for.aspnet.core\2020.2.617\lib\netcoreapp3.1\Kendo.Mvc.dll = packages\telerik.ui.for.aspnet.core\2020.2.617\lib\netcoreapp3.1\Kendo.Mvc.dll
	EndProjectSection
EndProject
Project("{2150E333-8FDC-42A3-9474-1A3956D46DE8}") = "IUIntegrationSystem", "IUIntegrationSystem", "{383B27D1-2E8E-4526-B7D0-6F7BA652A28E}"
EndProject
Project("{2150E333-8FDC-42A3-9474-1A3956D46DE8}") = "doc", "doc", "{D03E1BDB-302D-4756-B2BA-73F206E2D694}"
	ProjectSection(SolutionItems) = preProject
		IUIntegrationSystem\doc\2020-09-02-Pytania.Ikasa.docx = IUIntegrationSystem\doc\2020-09-02-Pytania.Ikasa.docx
		IUIntegrationSystem\README.md = IUIntegrationSystem\README.md
		IUIntegrationSystem\doc\SystemIntegracjiICASAUNIMOT.docx = IUIntegrationSystem\doc\SystemIntegracjiICASAUNIMOT.docx
	EndProjectSection
EndProject
Project("{9A19103F-16F7-4668-BE54-9A1E7A4F7556}") = "NetAppCommon", "NetAppCommon\NetAppCommon\NetAppCommon.csproj", "{D6031C83-CE2E-4663-8CD5-DA95A890BA61}"
EndProject
Project("{7CF6DF6D-3B04-46F8-A40B-537D21BCA0B4}") = "IUIntegrationSystemDataDocumentation", "IUIntegrationSystem\IUIntegrationSystemDataDocumentation\IUIntegrationSystemDataDocumentation.shfbproj", "{5B287DDB-6DC7-4D19-B72A-F24BEB72AFD9}"
EndProject
Project("{9A19103F-16F7-4668-BE54-9A1E7A4F7556}") = "IUIntegrationSystemData", "IUIntegrationSystem\IUIntegrationSystemData\IUIntegrationSystemData.csproj", "{F2F8AF3F-3DFC-4C13-B131-04C3ED11719F}"
EndProject
Global
	GlobalSection(SolutionConfigurationPlatforms) = preSolution
		All|Any CPU = All|Any CPU
		Debug|Any CPU = Debug|Any CPU
		DefaultBuild|Any CPU = DefaultBuild|Any CPU
		Release|Any CPU = Release|Any CPU
	EndGlobalSection
	GlobalSection(ProjectConfigurationPlatforms) = postSolution
		{6D6F9B24-C47F-46C9-BBAE-05C9D4ED2764}.All|Any CPU.ActiveCfg = Release|Any CPU
		{6D6F9B24-C47F-46C9-BBAE-05C9D4ED2764}.All|Any CPU.Build.0 = Release|Any CPU
		{6D6F9B24-C47F-46C9-BBAE-05C9D4ED2764}.Debug|Any CPU.ActiveCfg = Debug|Any CPU
		{6D6F9B24-C47F-46C9-BBAE-05C9D4ED2764}.Debug|Any CPU.Build.0 = Debug|Any CPU
		{6D6F9B24-C47F-46C9-BBAE-05C9D4ED2764}.DefaultBuild|Any CPU.ActiveCfg = Debug|Any CPU
		{6D6F9B24-C47F-46C9-BBAE-05C9D4ED2764}.DefaultBuild|Any CPU.Build.0 = Debug|Any CPU
		{6D6F9B24-C47F-46C9-BBAE-05C9D4ED2764}.Release|Any CPU.ActiveCfg = Release|Any CPU
		{6D6F9B24-C47F-46C9-BBAE-05C9D4ED2764}.Release|Any CPU.Build.0 = Release|Any CPU
		{C1B4B205-9F3A-4655-87DA-A39CD7CE86D5}.All|Any CPU.ActiveCfg = Release|Any CPU
		{C1B4B205-9F3A-4655-87DA-A39CD7CE86D5}.All|Any CPU.Build.0 = Release|Any CPU
		{C1B4B205-9F3A-4655-87DA-A39CD7CE86D5}.Debug|Any CPU.ActiveCfg = Debug|Any CPU
		{C1B4B205-9F3A-4655-87DA-A39CD7CE86D5}.Debug|Any CPU.Build.0 = Debug|Any CPU
		{C1B4B205-9F3A-4655-87DA-A39CD7CE86D5}.DefaultBuild|Any CPU.ActiveCfg = Debug|Any CPU
		{C1B4B205-9F3A-4655-87DA-A39CD7CE86D5}.DefaultBuild|Any CPU.Build.0 = Debug|Any CPU
		{C1B4B205-9F3A-4655-87DA-A39CD7CE86D5}.Release|Any CPU.ActiveCfg = Release|Any CPU
		{C1B4B205-9F3A-4655-87DA-A39CD7CE86D5}.Release|Any CPU.Build.0 = Release|Any CPU
		{DB45A1F7-DC31-409D-97C1-BCD66A28067F}.All|Any CPU.ActiveCfg = Release|Any CPU
		{DB45A1F7-DC31-409D-97C1-BCD66A28067F}.All|Any CPU.Build.0 = Release|Any CPU
		{DB45A1F7-DC31-409D-97C1-BCD66A28067F}.Debug|Any CPU.ActiveCfg = Debug|Any CPU
		{DB45A1F7-DC31-409D-97C1-BCD66A28067F}.Debug|Any CPU.Build.0 = Debug|Any CPU
		{DB45A1F7-DC31-409D-97C1-BCD66A28067F}.DefaultBuild|Any CPU.ActiveCfg = Debug|Any CPU
		{DB45A1F7-DC31-409D-97C1-BCD66A28067F}.DefaultBuild|Any CPU.Build.0 = Debug|Any CPU
		{DB45A1F7-DC31-409D-97C1-BCD66A28067F}.Release|Any CPU.ActiveCfg = Release|Any CPU
		{DB45A1F7-DC31-409D-97C1-BCD66A28067F}.Release|Any CPU.Build.0 = Release|Any CPU
		{EE48520A-D6CD-49FF-BD80-F7C7FA02E5D8}.All|Any CPU.ActiveCfg = Release|Any CPU
		{EE48520A-D6CD-49FF-BD80-F7C7FA02E5D8}.All|Any CPU.Build.0 = Release|Any CPU
		{EE48520A-D6CD-49FF-BD80-F7C7FA02E5D8}.Debug|Any CPU.ActiveCfg = Debug|Any CPU
		{EE48520A-D6CD-49FF-BD80-F7C7FA02E5D8}.Debug|Any CPU.Build.0 = Debug|Any CPU
		{EE48520A-D6CD-49FF-BD80-F7C7FA02E5D8}.DefaultBuild|Any CPU.ActiveCfg = Debug|Any CPU
		{EE48520A-D6CD-49FF-BD80-F7C7FA02E5D8}.DefaultBuild|Any CPU.Build.0 = Debug|Any CPU
		{EE48520A-D6CD-49FF-BD80-F7C7FA02E5D8}.Release|Any CPU.ActiveCfg = Release|Any CPU
		{EE48520A-D6CD-49FF-BD80-F7C7FA02E5D8}.Release|Any CPU.Build.0 = Release|Any CPU
		{B5638545-E2CB-4F91-ABEF-67F4183912F2}.All|Any CPU.ActiveCfg = Release|Any CPU
		{B5638545-E2CB-4F91-ABEF-67F4183912F2}.All|Any CPU.Build.0 = Release|Any CPU
		{B5638545-E2CB-4F91-ABEF-67F4183912F2}.Debug|Any CPU.ActiveCfg = Debug|Any CPU
		{B5638545-E2CB-4F91-ABEF-67F4183912F2}.Debug|Any CPU.Build.0 = Debug|Any CPU
		{B5638545-E2CB-4F91-ABEF-67F4183912F2}.DefaultBuild|Any CPU.ActiveCfg = Debug|Any CPU
		{B5638545-E2CB-4F91-ABEF-67F4183912F2}.DefaultBuild|Any CPU.Build.0 = Debug|Any CPU
		{B5638545-E2CB-4F91-ABEF-67F4183912F2}.Release|Any CPU.ActiveCfg = Release|Any CPU
		{B5638545-E2CB-4F91-ABEF-67F4183912F2}.Release|Any CPU.Build.0 = Release|Any CPU
		{56F44524-037B-4D52-A50A-E6DF9C2EE08A}.All|Any CPU.ActiveCfg = Release|Any CPU
		{56F44524-037B-4D52-A50A-E6DF9C2EE08A}.All|Any CPU.Build.0 = Release|Any CPU
		{56F44524-037B-4D52-A50A-E6DF9C2EE08A}.Debug|Any CPU.ActiveCfg = Debug|Any CPU
		{56F44524-037B-4D52-A50A-E6DF9C2EE08A}.Debug|Any CPU.Build.0 = Debug|Any CPU
		{56F44524-037B-4D52-A50A-E6DF9C2EE08A}.DefaultBuild|Any CPU.ActiveCfg = Debug|Any CPU
		{56F44524-037B-4D52-A50A-E6DF9C2EE08A}.DefaultBuild|Any CPU.Build.0 = Debug|Any CPU
		{56F44524-037B-4D52-A50A-E6DF9C2EE08A}.Release|Any CPU.ActiveCfg = Release|Any CPU
		{56F44524-037B-4D52-A50A-E6DF9C2EE08A}.Release|Any CPU.Build.0 = Release|Any CPU
		{1C618623-E5BF-485F-A7BB-3A895DF6F4E3}.All|Any CPU.ActiveCfg = Release|Any CPU
		{1C618623-E5BF-485F-A7BB-3A895DF6F4E3}.All|Any CPU.Build.0 = Release|Any CPU
		{1C618623-E5BF-485F-A7BB-3A895DF6F4E3}.Debug|Any CPU.ActiveCfg = Debug|Any CPU
		{1C618623-E5BF-485F-A7BB-3A895DF6F4E3}.Debug|Any CPU.Build.0 = Debug|Any CPU
		{1C618623-E5BF-485F-A7BB-3A895DF6F4E3}.DefaultBuild|Any CPU.ActiveCfg = Debug|Any CPU
		{1C618623-E5BF-485F-A7BB-3A895DF6F4E3}.DefaultBuild|Any CPU.Build.0 = Debug|Any CPU
		{1C618623-E5BF-485F-A7BB-3A895DF6F4E3}.Release|Any CPU.ActiveCfg = Release|Any CPU
		{1C618623-E5BF-485F-A7BB-3A895DF6F4E3}.Release|Any CPU.Build.0 = Release|Any CPU
		{55722A81-81B0-4F3D-BE76-40FC315B8AAA}.All|Any CPU.ActiveCfg = Release|Any CPU
		{55722A81-81B0-4F3D-BE76-40FC315B8AAA}.All|Any CPU.Build.0 = Release|Any CPU
		{55722A81-81B0-4F3D-BE76-40FC315B8AAA}.Debug|Any CPU.ActiveCfg = Debug|Any CPU
		{55722A81-81B0-4F3D-BE76-40FC315B8AAA}.Debug|Any CPU.Build.0 = Debug|Any CPU
		{55722A81-81B0-4F3D-BE76-40FC315B8AAA}.DefaultBuild|Any CPU.ActiveCfg = Debug|Any CPU
		{55722A81-81B0-4F3D-BE76-40FC315B8AAA}.DefaultBuild|Any CPU.Build.0 = Debug|Any CPU
		{55722A81-81B0-4F3D-BE76-40FC315B8AAA}.Release|Any CPU.ActiveCfg = Release|Any CPU
		{55722A81-81B0-4F3D-BE76-40FC315B8AAA}.Release|Any CPU.Build.0 = Release|Any CPU
		{FA2AF9F9-C34D-4AA4-9C5C-31B8F86DC117}.All|Any CPU.ActiveCfg = DefaultBuild
		{FA2AF9F9-C34D-4AA4-9C5C-31B8F86DC117}.All|Any CPU.Build.0 = DefaultBuild
		{FA2AF9F9-C34D-4AA4-9C5C-31B8F86DC117}.Debug|Any CPU.ActiveCfg = DefaultBuild
		{FA2AF9F9-C34D-4AA4-9C5C-31B8F86DC117}.Debug|Any CPU.Build.0 = DefaultBuild
		{FA2AF9F9-C34D-4AA4-9C5C-31B8F86DC117}.DefaultBuild|Any CPU.ActiveCfg = DefaultBuild
		{FA2AF9F9-C34D-4AA4-9C5C-31B8F86DC117}.DefaultBuild|Any CPU.Build.0 = DefaultBuild
		{FA2AF9F9-C34D-4AA4-9C5C-31B8F86DC117}.Release|Any CPU.ActiveCfg = DefaultBuild
		{FA2AF9F9-C34D-4AA4-9C5C-31B8F86DC117}.Release|Any CPU.Build.0 = DefaultBuild
		{0900DF1C-0714-42BA-A974-736D3A24D7EB}.All|Any CPU.ActiveCfg = Debug|Any CPU
		{0900DF1C-0714-42BA-A974-736D3A24D7EB}.All|Any CPU.Build.0 = Debug|Any CPU
		{0900DF1C-0714-42BA-A974-736D3A24D7EB}.Debug|Any CPU.ActiveCfg = Debug|Any CPU
		{0900DF1C-0714-42BA-A974-736D3A24D7EB}.Debug|Any CPU.Build.0 = Debug|Any CPU
		{0900DF1C-0714-42BA-A974-736D3A24D7EB}.DefaultBuild|Any CPU.ActiveCfg = Debug|Any CPU
		{0900DF1C-0714-42BA-A974-736D3A24D7EB}.DefaultBuild|Any CPU.Build.0 = Debug|Any CPU
		{0900DF1C-0714-42BA-A974-736D3A24D7EB}.Release|Any CPU.ActiveCfg = Release|Any CPU
		{0900DF1C-0714-42BA-A974-736D3A24D7EB}.Release|Any CPU.Build.0 = Release|Any CPU
		{9970A4C1-5C92-43D6-AEC1-260D9E5BC28C}.All|Any CPU.ActiveCfg = Debug|Any CPU
		{9970A4C1-5C92-43D6-AEC1-260D9E5BC28C}.All|Any CPU.Build.0 = Debug|Any CPU
		{9970A4C1-5C92-43D6-AEC1-260D9E5BC28C}.Debug|Any CPU.ActiveCfg = Debug|Any CPU
		{9970A4C1-5C92-43D6-AEC1-260D9E5BC28C}.Debug|Any CPU.Build.0 = Debug|Any CPU
		{9970A4C1-5C92-43D6-AEC1-260D9E5BC28C}.DefaultBuild|Any CPU.ActiveCfg = Debug|Any CPU
		{9970A4C1-5C92-43D6-AEC1-260D9E5BC28C}.DefaultBuild|Any CPU.Build.0 = Debug|Any CPU
		{9970A4C1-5C92-43D6-AEC1-260D9E5BC28C}.Release|Any CPU.ActiveCfg = Release|Any CPU
		{9970A4C1-5C92-43D6-AEC1-260D9E5BC28C}.Release|Any CPU.Build.0 = Release|Any CPU
		{C0E251E0-5F2D-4F16-8F28-1839667B2D3C}.All|Any CPU.ActiveCfg = Debug|Any CPU
		{C0E251E0-5F2D-4F16-8F28-1839667B2D3C}.All|Any CPU.Build.0 = Debug|Any CPU
		{C0E251E0-5F2D-4F16-8F28-1839667B2D3C}.Debug|Any CPU.ActiveCfg = Debug|Any CPU
		{C0E251E0-5F2D-4F16-8F28-1839667B2D3C}.Debug|Any CPU.Build.0 = Debug|Any CPU
		{C0E251E0-5F2D-4F16-8F28-1839667B2D3C}.DefaultBuild|Any CPU.ActiveCfg = Debug|Any CPU
		{C0E251E0-5F2D-4F16-8F28-1839667B2D3C}.DefaultBuild|Any CPU.Build.0 = Debug|Any CPU
		{C0E251E0-5F2D-4F16-8F28-1839667B2D3C}.Release|Any CPU.ActiveCfg = Release|Any CPU
		{C0E251E0-5F2D-4F16-8F28-1839667B2D3C}.Release|Any CPU.Build.0 = Release|Any CPU
		{F0E15AF3-B97F-47D0-9381-3D43BF4AD42F}.All|Any CPU.ActiveCfg = Debug|Any CPU
		{F0E15AF3-B97F-47D0-9381-3D43BF4AD42F}.All|Any CPU.Build.0 = Debug|Any CPU
		{F0E15AF3-B97F-47D0-9381-3D43BF4AD42F}.Debug|Any CPU.ActiveCfg = Debug|Any CPU
		{F0E15AF3-B97F-47D0-9381-3D43BF4AD42F}.Debug|Any CPU.Build.0 = Debug|Any CPU
		{F0E15AF3-B97F-47D0-9381-3D43BF4AD42F}.DefaultBuild|Any CPU.ActiveCfg = Debug|Any CPU
		{F0E15AF3-B97F-47D0-9381-3D43BF4AD42F}.DefaultBuild|Any CPU.Build.0 = Debug|Any CPU
		{F0E15AF3-B97F-47D0-9381-3D43BF4AD42F}.Release|Any CPU.ActiveCfg = Release|Any CPU
		{F0E15AF3-B97F-47D0-9381-3D43BF4AD42F}.Release|Any CPU.Build.0 = Release|Any CPU
		{AF237620-93CE-40CB-8715-1339140175E9}.All|Any CPU.ActiveCfg = Debug|Any CPU
		{AF237620-93CE-40CB-8715-1339140175E9}.All|Any CPU.Build.0 = Debug|Any CPU
		{AF237620-93CE-40CB-8715-1339140175E9}.Debug|Any CPU.ActiveCfg = Debug|Any CPU
		{AF237620-93CE-40CB-8715-1339140175E9}.Debug|Any CPU.Build.0 = Debug|Any CPU
		{AF237620-93CE-40CB-8715-1339140175E9}.DefaultBuild|Any CPU.ActiveCfg = Debug|Any CPU
		{AF237620-93CE-40CB-8715-1339140175E9}.DefaultBuild|Any CPU.Build.0 = Debug|Any CPU
		{AF237620-93CE-40CB-8715-1339140175E9}.Release|Any CPU.ActiveCfg = Release|Any CPU
		{AF237620-93CE-40CB-8715-1339140175E9}.Release|Any CPU.Build.0 = Release|Any CPU
		{21EDFAE3-53E3-430D-AF11-B660E152C2FF}.All|Any CPU.ActiveCfg = Debug|Any CPU
		{21EDFAE3-53E3-430D-AF11-B660E152C2FF}.All|Any CPU.Build.0 = Debug|Any CPU
		{21EDFAE3-53E3-430D-AF11-B660E152C2FF}.Debug|Any CPU.ActiveCfg = Debug|Any CPU
		{21EDFAE3-53E3-430D-AF11-B660E152C2FF}.Debug|Any CPU.Build.0 = Debug|Any CPU
		{21EDFAE3-53E3-430D-AF11-B660E152C2FF}.DefaultBuild|Any CPU.ActiveCfg = Debug|Any CPU
		{21EDFAE3-53E3-430D-AF11-B660E152C2FF}.DefaultBuild|Any CPU.Build.0 = Debug|Any CPU
		{21EDFAE3-53E3-430D-AF11-B660E152C2FF}.Release|Any CPU.ActiveCfg = Release|Any CPU
		{21EDFAE3-53E3-430D-AF11-B660E152C2FF}.Release|Any CPU.Build.0 = Release|Any CPU
		{74773C66-83FB-47F9-A12C-6167ED1CC2B5}.All|Any CPU.ActiveCfg = Debug|Any CPU
		{74773C66-83FB-47F9-A12C-6167ED1CC2B5}.All|Any CPU.Build.0 = Debug|Any CPU
		{74773C66-83FB-47F9-A12C-6167ED1CC2B5}.Debug|Any CPU.ActiveCfg = Debug|Any CPU
		{74773C66-83FB-47F9-A12C-6167ED1CC2B5}.Debug|Any CPU.Build.0 = Debug|Any CPU
		{74773C66-83FB-47F9-A12C-6167ED1CC2B5}.DefaultBuild|Any CPU.ActiveCfg = Debug|Any CPU
		{74773C66-83FB-47F9-A12C-6167ED1CC2B5}.DefaultBuild|Any CPU.Build.0 = Debug|Any CPU
		{74773C66-83FB-47F9-A12C-6167ED1CC2B5}.Release|Any CPU.ActiveCfg = Release|Any CPU
		{74773C66-83FB-47F9-A12C-6167ED1CC2B5}.Release|Any CPU.Build.0 = Release|Any CPU
		{1779783E-6296-4121-8F3B-80EF1A592CD1}.All|Any CPU.ActiveCfg = Debug|Any CPU
		{1779783E-6296-4121-8F3B-80EF1A592CD1}.All|Any CPU.Build.0 = Debug|Any CPU
		{1779783E-6296-4121-8F3B-80EF1A592CD1}.Debug|Any CPU.ActiveCfg = Debug|Any CPU
		{1779783E-6296-4121-8F3B-80EF1A592CD1}.Debug|Any CPU.Build.0 = Debug|Any CPU
		{1779783E-6296-4121-8F3B-80EF1A592CD1}.DefaultBuild|Any CPU.ActiveCfg = Debug|Any CPU
		{1779783E-6296-4121-8F3B-80EF1A592CD1}.DefaultBuild|Any CPU.Build.0 = Debug|Any CPU
		{1779783E-6296-4121-8F3B-80EF1A592CD1}.Release|Any CPU.ActiveCfg = Release|Any CPU
		{1779783E-6296-4121-8F3B-80EF1A592CD1}.Release|Any CPU.Build.0 = Release|Any CPU
		{D6031C83-CE2E-4663-8CD5-DA95A890BA61}.All|Any CPU.ActiveCfg = Debug|Any CPU
		{D6031C83-CE2E-4663-8CD5-DA95A890BA61}.All|Any CPU.Build.0 = Debug|Any CPU
		{D6031C83-CE2E-4663-8CD5-DA95A890BA61}.Debug|Any CPU.ActiveCfg = Debug|Any CPU
		{D6031C83-CE2E-4663-8CD5-DA95A890BA61}.Debug|Any CPU.Build.0 = Debug|Any CPU
		{D6031C83-CE2E-4663-8CD5-DA95A890BA61}.DefaultBuild|Any CPU.ActiveCfg = Debug|Any CPU
		{D6031C83-CE2E-4663-8CD5-DA95A890BA61}.DefaultBuild|Any CPU.Build.0 = Debug|Any CPU
		{D6031C83-CE2E-4663-8CD5-DA95A890BA61}.Release|Any CPU.ActiveCfg = Release|Any CPU
		{D6031C83-CE2E-4663-8CD5-DA95A890BA61}.Release|Any CPU.Build.0 = Release|Any CPU
		{5B287DDB-6DC7-4D19-B72A-F24BEB72AFD9}.All|Any CPU.ActiveCfg = Release|Any CPU
		{5B287DDB-6DC7-4D19-B72A-F24BEB72AFD9}.All|Any CPU.Build.0 = Release|Any CPU
		{5B287DDB-6DC7-4D19-B72A-F24BEB72AFD9}.Debug|Any CPU.ActiveCfg = Debug|Any CPU
		{5B287DDB-6DC7-4D19-B72A-F24BEB72AFD9}.Debug|Any CPU.Build.0 = Debug|Any CPU
		{5B287DDB-6DC7-4D19-B72A-F24BEB72AFD9}.DefaultBuild|Any CPU.ActiveCfg = Debug|Any CPU
		{5B287DDB-6DC7-4D19-B72A-F24BEB72AFD9}.DefaultBuild|Any CPU.Build.0 = Debug|Any CPU
		{5B287DDB-6DC7-4D19-B72A-F24BEB72AFD9}.Release|Any CPU.ActiveCfg = Release|Any CPU
		{5B287DDB-6DC7-4D19-B72A-F24BEB72AFD9}.Release|Any CPU.Build.0 = Release|Any CPU
		{F2F8AF3F-3DFC-4C13-B131-04C3ED11719F}.All|Any CPU.ActiveCfg = Debug|Any CPU
		{F2F8AF3F-3DFC-4C13-B131-04C3ED11719F}.All|Any CPU.Build.0 = Debug|Any CPU
		{F2F8AF3F-3DFC-4C13-B131-04C3ED11719F}.Debug|Any CPU.ActiveCfg = Debug|Any CPU
		{F2F8AF3F-3DFC-4C13-B131-04C3ED11719F}.Debug|Any CPU.Build.0 = Debug|Any CPU
		{F2F8AF3F-3DFC-4C13-B131-04C3ED11719F}.DefaultBuild|Any CPU.ActiveCfg = Debug|Any CPU
		{F2F8AF3F-3DFC-4C13-B131-04C3ED11719F}.DefaultBuild|Any CPU.Build.0 = Debug|Any CPU
		{F2F8AF3F-3DFC-4C13-B131-04C3ED11719F}.Release|Any CPU.ActiveCfg = Release|Any CPU
		{F2F8AF3F-3DFC-4C13-B131-04C3ED11719F}.Release|Any CPU.Build.0 = Release|Any CPU
	EndGlobalSection
	GlobalSection(SolutionProperties) = preSolution
		HideSolutionNode = FALSE
	EndGlobalSection
	GlobalSection(NestedProjects) = preSolution
		{1C618623-E5BF-485F-A7BB-3A895DF6F4E3} = {942239AD-6F36-4DAD-93D0-44B83F8E4F6D}
		{0900DF1C-0714-42BA-A974-736D3A24D7EB} = {1AB1E35A-4DBD-4B8D-8B88-9302B7B3BBB8}
		{9970A4C1-5C92-43D6-AEC1-260D9E5BC28C} = {1AB1E35A-4DBD-4B8D-8B88-9302B7B3BBB8}
		{F0E15AF3-B97F-47D0-9381-3D43BF4AD42F} = {12A81200-9A91-41A4-AD8F-7529115796C7}
		{AF237620-93CE-40CB-8715-1339140175E9} = {12A81200-9A91-41A4-AD8F-7529115796C7}
		{21EDFAE3-53E3-430D-AF11-B660E152C2FF} = {12A81200-9A91-41A4-AD8F-7529115796C7}
		{74773C66-83FB-47F9-A12C-6167ED1CC2B5} = {12A81200-9A91-41A4-AD8F-7529115796C7}
		{ECE9FE22-45BC-42FE-894B-09565EAA7759} = {B328C63A-B31A-452C-963E-AA4B9EDDA75C}
		{34D3FFAC-F8E2-4074-9D9E-4CE096D5B5BD} = {ECE9FE22-45BC-42FE-894B-09565EAA7759}
		{D03E1BDB-302D-4756-B2BA-73F206E2D694} = {383B27D1-2E8E-4526-B7D0-6F7BA652A28E}
		{5B287DDB-6DC7-4D19-B72A-F24BEB72AFD9} = {383B27D1-2E8E-4526-B7D0-6F7BA652A28E}
		{F2F8AF3F-3DFC-4C13-B131-04C3ED11719F} = {383B27D1-2E8E-4526-B7D0-6F7BA652A28E}
	EndGlobalSection
	GlobalSection(ExtensibilityGlobals) = postSolution
		SolutionGuid = {76F1B00C-2A40-4B88-82DC-8A1D00A17DBD}
	EndGlobalSection
EndGlobal
