
Microsoft Visual Studio Solution File, Format Version 12.00
# Visual Studio Version 16
VisualStudioVersion = 16.0.30128.74
MinimumVisualStudioVersion = 10.0.40219.1
Project("{9A19103F-16F7-4668-BE54-9A1E7A4F7556}") = "WebApplicationNetCoreDev", "WebApplicationNetCoreDev\WebApplicationNetCoreDev.csproj", "{6D6F9B24-C47F-46C9-BBAE-05C9D4ED2764}"
EndProject
Project("{2150E333-8FDC-42A3-9474-1A3956D46DE8}") = "env", "env", "{0835D623-A671-4B99-9FBA-8114B73D1EEE}"
	ProjectSection(SolutionItems) = preProject
		env\log4net.debug.config = env\log4net.debug.config
		env\log4net.release.config = env\log4net.release.config
	EndProjectSection
EndProject
Project("{9A19103F-16F7-4668-BE54-9A1E7A4F7556}") = "Log4netLogger", "Log4netLogger\Log4netLogger.csproj", "{EE48520A-D6CD-49FF-BD80-F7C7FA02E5D8}"
EndProject
Project("{9A19103F-16F7-4668-BE54-9A1E7A4F7556}") = "SimpleImpersonation", "SimpleImpersonation\src\SimpleImpersonation.csproj", "{B5638545-E2CB-4F91-ABEF-67F4183912F2}"
EndProject
Project("{2150E333-8FDC-42A3-9474-1A3956D46DE8}") = "PortalApiGus", "PortalApiGus", "{942239AD-6F36-4DAD-93D0-44B83F8E4F6D}"
EndProject
Project("{9A19103F-16F7-4668-BE54-9A1E7A4F7556}") = "PortalApiGusApiRegonData", "PortalApiGus\ApiRegon\PortalApiGusApiRegonData\PortalApiGusApiRegonData.csproj", "{1C618623-E5BF-485F-A7BB-3A895DF6F4E3}"
EndProject
Project("{9A19103F-16F7-4668-BE54-9A1E7A4F7556}") = "TestConsoleApp", "TestConsoleApp\TestConsoleApp.csproj", "{55722A81-81B0-4F3D-BE76-40FC315B8AAA}"
EndProject
Project("{2150E333-8FDC-42A3-9474-1A3956D46DE8}") = "Icasa", "Icasa", "{1AB1E35A-4DBD-4B8D-8B88-9302B7B3BBB8}"
EndProject
Project("{9A19103F-16F7-4668-BE54-9A1E7A4F7556}") = "IcasaReportServiceData", "Icasa\ReportService\IcasaReportServiceData\IcasaReportServiceData.csproj", "{9970A4C1-5C92-43D6-AEC1-260D9E5BC28C}"
EndProject
Project("{2150E333-8FDC-42A3-9474-1A3956D46DE8}") = "IUIntegrationSystem", "IUIntegrationSystem", "{383B27D1-2E8E-4526-B7D0-6F7BA652A28E}"
EndProject
Project("{2150E333-8FDC-42A3-9474-1A3956D46DE8}") = "doc", "doc", "{D03E1BDB-302D-4756-B2BA-73F206E2D694}"
	ProjectSection(SolutionItems) = preProject
		IUIntegrationSystem\doc\2020-09-02-Pytania.Ikasa.docx = IUIntegrationSystem\doc\2020-09-02-Pytania.Ikasa.docx
		IUIntegrationSystem\README.md = IUIntegrationSystem\README.md
		IUIntegrationSystem\doc\SystemIntegracjiICASAUNIMOT.docx = IUIntegrationSystem\doc\SystemIntegracjiICASAUNIMOT.docx
	EndProjectSection
EndProject
Project("{9A19103F-16F7-4668-BE54-9A1E7A4F7556}") = "NetAppCommon", "NetAppCommon\NetAppCommon\NetAppCommon.csproj", "{D6031C83-CE2E-4663-8CD5-DA95A890BA61}"
EndProject
Project("{9A19103F-16F7-4668-BE54-9A1E7A4F7556}") = "IUIntegrationSystemData", "IUIntegrationSystem\IUIntegrationSystemData\IUIntegrationSystemData.csproj", "{F2F8AF3F-3DFC-4C13-B131-04C3ED11719F}"
EndProject
Project("{9A19103F-16F7-4668-BE54-9A1E7A4F7556}") = "RabbitMQPublisherCommon", "RabbitMQPublisherCommon\RabbitMQPublisherCommon.csproj", "{2A8B3365-C6BD-495B-B471-8EFBE1598EB0}"
EndProject
Project("{2150E333-8FDC-42A3-9474-1A3956D46DE8}") = "SerwisRzeczypospolitejPolskiej", "SerwisRzeczypospolitejPolskiej", "{79049381-264F-43A5-87FC-16C1EDDC77BB}"
	ProjectSection(SolutionItems) = preProject
		SerwisRzeczypospolitejPolskiej\README.md = SerwisRzeczypospolitejPolskiej\README.md
	EndProjectSection
EndProject
Project("{2150E333-8FDC-42A3-9474-1A3956D46DE8}") = "MinisterstwoFinansow", "MinisterstwoFinansow", "{95E97A99-3F05-4A2A-8675-4E42232A3647}"
EndProject
Project("{2150E333-8FDC-42A3-9474-1A3956D46DE8}") = "KrajowaAdministracjaSkarbowa", "KrajowaAdministracjaSkarbowa", "{4D1B5BD4-D94A-4E02-8DF2-B79EDCBBB79A}"
EndProject
Project("{9A19103F-16F7-4668-BE54-9A1E7A4F7556}") = "ApiWykazuPodatnikowVatData", "SerwisRzeczypospolitejPolskiej\MinisterstwoFinansow\KrajowaAdministracjaSkarbowa\ApiWykazuPodatnikowVatData\ApiWykazuPodatnikowVatData.csproj", "{6C9CD224-7D6D-487B-AE18-C520223D8650}"
EndProject
Project("{2150E333-8FDC-42A3-9474-1A3956D46DE8}") = "EncryptDecrypt", "EncryptDecrypt", "{6BBAE997-7773-428B-AB47-C7FA89B2EE05}"
EndProject
Project("{9A19103F-16F7-4668-BE54-9A1E7A4F7556}") = "EncryptDecrypt", "EncryptDecrypt\EncryptDecrypt\EncryptDecrypt.csproj", "{B9540CEC-ECE7-47FE-BCD2-A25B8E106EBE}"
EndProject
Project("{FAE04EC0-301F-11D3-BF4B-00C04F79EFBC}") = "EncryptDecryptForm", "EncryptDecrypt\EncryptDecryptForm\EncryptDecryptForm.csproj", "{DB45A1F7-DC31-409D-97C1-BCD66A28067F}"
EndProject
Project("{9A19103F-16F7-4668-BE54-9A1E7A4F7556}") = "RabbitMQWorkerServiceCommon", "RabbitMQWorkerServiceCommon\RabbitMQWorkerServiceCommon.csproj", "{E2720851-3250-4FE3-A7BD-309CB5AA377B}"
EndProject
Project("{9A19103F-16F7-4668-BE54-9A1E7A4F7556}") = "RabbitMQReceiverCommon", "RabbitMQReceiverCommon\RabbitMQReceiverCommon.csproj", "{1FD61978-F4F1-4495-8167-AC0F8A97C8FA}"
EndProject
Project("{9A19103F-16F7-4668-BE54-9A1E7A4F7556}") = "IcasaMutationServiceData", "Icasa\MutationService\IcasaMutationServiceData\IcasaMutationServiceData.csproj", "{CFDC4384-ECB0-41BA-ACF2-D40A7CA8A4F9}"
EndProject
Project("{9A19103F-16F7-4668-BE54-9A1E7A4F7556}") = "FileSystemWatcherCommon", "FileSystemWatcherCommon\FileSystemWatcherCommon.csproj", "{8730CB9F-9649-46EA-B267-B1D7373D9A0D}"
EndProject
Project("{9A19103F-16F7-4668-BE54-9A1E7A4F7556}") = "FileSystemWatcherWorkerService", "IUIntegrationSystem\IUIntegrationSystemData.FileSystemWatcherWorkerService\FileSystemWatcherWorkerService.csproj", "{614D1CAC-A112-4052-B08A-C86FB21DA32A}"
EndProject
Global
	GlobalSection(SolutionConfigurationPlatforms) = preSolution
		All|Any CPU = All|Any CPU
		Debug|Any CPU = Debug|Any CPU
		DefaultBuild|Any CPU = DefaultBuild|Any CPU
		Release|Any CPU = Release|Any CPU
	EndGlobalSection
	GlobalSection(ProjectConfigurationPlatforms) = postSolution
		{6D6F9B24-C47F-46C9-BBAE-05C9D4ED2764}.All|Any CPU.ActiveCfg = Release|Any CPU
		{6D6F9B24-C47F-46C9-BBAE-05C9D4ED2764}.All|Any CPU.Build.0 = Release|Any CPU
		{6D6F9B24-C47F-46C9-BBAE-05C9D4ED2764}.Debug|Any CPU.ActiveCfg = Debug|Any CPU
		{6D6F9B24-C47F-46C9-BBAE-05C9D4ED2764}.Debug|Any CPU.Build.0 = Debug|Any CPU
		{6D6F9B24-C47F-46C9-BBAE-05C9D4ED2764}.DefaultBuild|Any CPU.ActiveCfg = Debug|Any CPU
		{6D6F9B24-C47F-46C9-BBAE-05C9D4ED2764}.DefaultBuild|Any CPU.Build.0 = Debug|Any CPU
		{6D6F9B24-C47F-46C9-BBAE-05C9D4ED2764}.Release|Any CPU.ActiveCfg = Release|Any CPU
		{6D6F9B24-C47F-46C9-BBAE-05C9D4ED2764}.Release|Any CPU.Build.0 = Release|Any CPU
		{EE48520A-D6CD-49FF-BD80-F7C7FA02E5D8}.All|Any CPU.ActiveCfg = Release|Any CPU
		{EE48520A-D6CD-49FF-BD80-F7C7FA02E5D8}.All|Any CPU.Build.0 = Release|Any CPU
		{EE48520A-D6CD-49FF-BD80-F7C7FA02E5D8}.Debug|Any CPU.ActiveCfg = Debug|Any CPU
		{EE48520A-D6CD-49FF-BD80-F7C7FA02E5D8}.Debug|Any CPU.Build.0 = Debug|Any CPU
		{EE48520A-D6CD-49FF-BD80-F7C7FA02E5D8}.DefaultBuild|Any CPU.ActiveCfg = Debug|Any CPU
		{EE48520A-D6CD-49FF-BD80-F7C7FA02E5D8}.DefaultBuild|Any CPU.Build.0 = Debug|Any CPU
		{EE48520A-D6CD-49FF-BD80-F7C7FA02E5D8}.Release|Any CPU.ActiveCfg = Release|Any CPU
		{EE48520A-D6CD-49FF-BD80-F7C7FA02E5D8}.Release|Any CPU.Build.0 = Release|Any CPU
		{B5638545-E2CB-4F91-ABEF-67F4183912F2}.All|Any CPU.ActiveCfg = Release|Any CPU
		{B5638545-E2CB-4F91-ABEF-67F4183912F2}.All|Any CPU.Build.0 = Release|Any CPU
		{B5638545-E2CB-4F91-ABEF-67F4183912F2}.Debug|Any CPU.ActiveCfg = Debug|Any CPU
		{B5638545-E2CB-4F91-ABEF-67F4183912F2}.Debug|Any CPU.Build.0 = Debug|Any CPU
		{B5638545-E2CB-4F91-ABEF-67F4183912F2}.DefaultBuild|Any CPU.ActiveCfg = Debug|Any CPU
		{B5638545-E2CB-4F91-ABEF-67F4183912F2}.DefaultBuild|Any CPU.Build.0 = Debug|Any CPU
		{B5638545-E2CB-4F91-ABEF-67F4183912F2}.Release|Any CPU.ActiveCfg = Release|Any CPU
		{B5638545-E2CB-4F91-ABEF-67F4183912F2}.Release|Any CPU.Build.0 = Release|Any CPU
		{1C618623-E5BF-485F-A7BB-3A895DF6F4E3}.All|Any CPU.ActiveCfg = Release|Any CPU
		{1C618623-E5BF-485F-A7BB-3A895DF6F4E3}.All|Any CPU.Build.0 = Release|Any CPU
		{1C618623-E5BF-485F-A7BB-3A895DF6F4E3}.Debug|Any CPU.ActiveCfg = Debug|Any CPU
		{1C618623-E5BF-485F-A7BB-3A895DF6F4E3}.Debug|Any CPU.Build.0 = Debug|Any CPU
		{1C618623-E5BF-485F-A7BB-3A895DF6F4E3}.DefaultBuild|Any CPU.ActiveCfg = Debug|Any CPU
		{1C618623-E5BF-485F-A7BB-3A895DF6F4E3}.DefaultBuild|Any CPU.Build.0 = Debug|Any CPU
		{1C618623-E5BF-485F-A7BB-3A895DF6F4E3}.Release|Any CPU.ActiveCfg = Release|Any CPU
		{1C618623-E5BF-485F-A7BB-3A895DF6F4E3}.Release|Any CPU.Build.0 = Release|Any CPU
		{55722A81-81B0-4F3D-BE76-40FC315B8AAA}.All|Any CPU.ActiveCfg = Release|Any CPU
		{55722A81-81B0-4F3D-BE76-40FC315B8AAA}.All|Any CPU.Build.0 = Release|Any CPU
		{55722A81-81B0-4F3D-BE76-40FC315B8AAA}.Debug|Any CPU.ActiveCfg = Debug|Any CPU
		{55722A81-81B0-4F3D-BE76-40FC315B8AAA}.Debug|Any CPU.Build.0 = Debug|Any CPU
		{55722A81-81B0-4F3D-BE76-40FC315B8AAA}.DefaultBuild|Any CPU.ActiveCfg = Debug|Any CPU
		{55722A81-81B0-4F3D-BE76-40FC315B8AAA}.DefaultBuild|Any CPU.Build.0 = Debug|Any CPU
		{55722A81-81B0-4F3D-BE76-40FC315B8AAA}.Release|Any CPU.ActiveCfg = Release|Any CPU
		{55722A81-81B0-4F3D-BE76-40FC315B8AAA}.Release|Any CPU.Build.0 = Release|Any CPU
		{9970A4C1-5C92-43D6-AEC1-260D9E5BC28C}.All|Any CPU.ActiveCfg = Debug|Any CPU
		{9970A4C1-5C92-43D6-AEC1-260D9E5BC28C}.All|Any CPU.Build.0 = Debug|Any CPU
		{9970A4C1-5C92-43D6-AEC1-260D9E5BC28C}.Debug|Any CPU.ActiveCfg = Debug|Any CPU
		{9970A4C1-5C92-43D6-AEC1-260D9E5BC28C}.Debug|Any CPU.Build.0 = Debug|Any CPU
		{9970A4C1-5C92-43D6-AEC1-260D9E5BC28C}.DefaultBuild|Any CPU.ActiveCfg = Debug|Any CPU
		{9970A4C1-5C92-43D6-AEC1-260D9E5BC28C}.DefaultBuild|Any CPU.Build.0 = Debug|Any CPU
		{9970A4C1-5C92-43D6-AEC1-260D9E5BC28C}.Release|Any CPU.ActiveCfg = Release|Any CPU
		{9970A4C1-5C92-43D6-AEC1-260D9E5BC28C}.Release|Any CPU.Build.0 = Release|Any CPU
		{D6031C83-CE2E-4663-8CD5-DA95A890BA61}.All|Any CPU.ActiveCfg = Debug|Any CPU
		{D6031C83-CE2E-4663-8CD5-DA95A890BA61}.All|Any CPU.Build.0 = Debug|Any CPU
		{D6031C83-CE2E-4663-8CD5-DA95A890BA61}.Debug|Any CPU.ActiveCfg = Debug|Any CPU
		{D6031C83-CE2E-4663-8CD5-DA95A890BA61}.Debug|Any CPU.Build.0 = Debug|Any CPU
		{D6031C83-CE2E-4663-8CD5-DA95A890BA61}.DefaultBuild|Any CPU.ActiveCfg = Debug|Any CPU
		{D6031C83-CE2E-4663-8CD5-DA95A890BA61}.DefaultBuild|Any CPU.Build.0 = Debug|Any CPU
		{D6031C83-CE2E-4663-8CD5-DA95A890BA61}.Release|Any CPU.ActiveCfg = Release|Any CPU
		{D6031C83-CE2E-4663-8CD5-DA95A890BA61}.Release|Any CPU.Build.0 = Release|Any CPU
		{F2F8AF3F-3DFC-4C13-B131-04C3ED11719F}.All|Any CPU.ActiveCfg = Debug|Any CPU
		{F2F8AF3F-3DFC-4C13-B131-04C3ED11719F}.All|Any CPU.Build.0 = Debug|Any CPU
		{F2F8AF3F-3DFC-4C13-B131-04C3ED11719F}.Debug|Any CPU.ActiveCfg = Debug|Any CPU
		{F2F8AF3F-3DFC-4C13-B131-04C3ED11719F}.Debug|Any CPU.Build.0 = Debug|Any CPU
		{F2F8AF3F-3DFC-4C13-B131-04C3ED11719F}.DefaultBuild|Any CPU.ActiveCfg = Debug|Any CPU
		{F2F8AF3F-3DFC-4C13-B131-04C3ED11719F}.DefaultBuild|Any CPU.Build.0 = Debug|Any CPU
		{F2F8AF3F-3DFC-4C13-B131-04C3ED11719F}.Release|Any CPU.ActiveCfg = Release|Any CPU
		{F2F8AF3F-3DFC-4C13-B131-04C3ED11719F}.Release|Any CPU.Build.0 = Release|Any CPU
		{2A8B3365-C6BD-495B-B471-8EFBE1598EB0}.All|Any CPU.ActiveCfg = Debug|Any CPU
		{2A8B3365-C6BD-495B-B471-8EFBE1598EB0}.All|Any CPU.Build.0 = Debug|Any CPU
		{2A8B3365-C6BD-495B-B471-8EFBE1598EB0}.Debug|Any CPU.ActiveCfg = Debug|Any CPU
		{2A8B3365-C6BD-495B-B471-8EFBE1598EB0}.Debug|Any CPU.Build.0 = Debug|Any CPU
		{2A8B3365-C6BD-495B-B471-8EFBE1598EB0}.DefaultBuild|Any CPU.ActiveCfg = Debug|Any CPU
		{2A8B3365-C6BD-495B-B471-8EFBE1598EB0}.DefaultBuild|Any CPU.Build.0 = Debug|Any CPU
		{2A8B3365-C6BD-495B-B471-8EFBE1598EB0}.Release|Any CPU.ActiveCfg = Release|Any CPU
		{2A8B3365-C6BD-495B-B471-8EFBE1598EB0}.Release|Any CPU.Build.0 = Release|Any CPU
		{6C9CD224-7D6D-487B-AE18-C520223D8650}.All|Any CPU.ActiveCfg = Release|Any CPU
		{6C9CD224-7D6D-487B-AE18-C520223D8650}.All|Any CPU.Build.0 = Release|Any CPU
		{6C9CD224-7D6D-487B-AE18-C520223D8650}.Debug|Any CPU.ActiveCfg = Debug|Any CPU
		{6C9CD224-7D6D-487B-AE18-C520223D8650}.Debug|Any CPU.Build.0 = Debug|Any CPU
		{6C9CD224-7D6D-487B-AE18-C520223D8650}.DefaultBuild|Any CPU.ActiveCfg = Debug|Any CPU
		{6C9CD224-7D6D-487B-AE18-C520223D8650}.DefaultBuild|Any CPU.Build.0 = Debug|Any CPU
		{6C9CD224-7D6D-487B-AE18-C520223D8650}.Release|Any CPU.ActiveCfg = Release|Any CPU
		{6C9CD224-7D6D-487B-AE18-C520223D8650}.Release|Any CPU.Build.0 = Release|Any CPU
		{B9540CEC-ECE7-47FE-BCD2-A25B8E106EBE}.All|Any CPU.ActiveCfg = Debug|Any CPU
		{B9540CEC-ECE7-47FE-BCD2-A25B8E106EBE}.All|Any CPU.Build.0 = Debug|Any CPU
		{B9540CEC-ECE7-47FE-BCD2-A25B8E106EBE}.Debug|Any CPU.ActiveCfg = Debug|Any CPU
		{B9540CEC-ECE7-47FE-BCD2-A25B8E106EBE}.Debug|Any CPU.Build.0 = Debug|Any CPU
		{B9540CEC-ECE7-47FE-BCD2-A25B8E106EBE}.DefaultBuild|Any CPU.ActiveCfg = Debug|Any CPU
		{B9540CEC-ECE7-47FE-BCD2-A25B8E106EBE}.DefaultBuild|Any CPU.Build.0 = Debug|Any CPU
		{B9540CEC-ECE7-47FE-BCD2-A25B8E106EBE}.Release|Any CPU.ActiveCfg = Release|Any CPU
		{B9540CEC-ECE7-47FE-BCD2-A25B8E106EBE}.Release|Any CPU.Build.0 = Release|Any CPU
		{DB45A1F7-DC31-409D-97C1-BCD66A28067F}.All|Any CPU.ActiveCfg = Release|Any CPU
		{DB45A1F7-DC31-409D-97C1-BCD66A28067F}.All|Any CPU.Build.0 = Release|Any CPU
		{DB45A1F7-DC31-409D-97C1-BCD66A28067F}.Debug|Any CPU.ActiveCfg = Debug|Any CPU
		{DB45A1F7-DC31-409D-97C1-BCD66A28067F}.Debug|Any CPU.Build.0 = Debug|Any CPU
		{DB45A1F7-DC31-409D-97C1-BCD66A28067F}.DefaultBuild|Any CPU.ActiveCfg = Debug|Any CPU
		{DB45A1F7-DC31-409D-97C1-BCD66A28067F}.DefaultBuild|Any CPU.Build.0 = Debug|Any CPU
		{DB45A1F7-DC31-409D-97C1-BCD66A28067F}.Release|Any CPU.ActiveCfg = Release|Any CPU
		{DB45A1F7-DC31-409D-97C1-BCD66A28067F}.Release|Any CPU.Build.0 = Release|Any CPU
		{E2720851-3250-4FE3-A7BD-309CB5AA377B}.All|Any CPU.ActiveCfg = Debug|Any CPU
		{E2720851-3250-4FE3-A7BD-309CB5AA377B}.All|Any CPU.Build.0 = Debug|Any CPU
		{E2720851-3250-4FE3-A7BD-309CB5AA377B}.Debug|Any CPU.ActiveCfg = Debug|Any CPU
		{E2720851-3250-4FE3-A7BD-309CB5AA377B}.Debug|Any CPU.Build.0 = Debug|Any CPU
		{E2720851-3250-4FE3-A7BD-309CB5AA377B}.DefaultBuild|Any CPU.ActiveCfg = Debug|Any CPU
		{E2720851-3250-4FE3-A7BD-309CB5AA377B}.DefaultBuild|Any CPU.Build.0 = Debug|Any CPU
		{E2720851-3250-4FE3-A7BD-309CB5AA377B}.Release|Any CPU.ActiveCfg = Release|Any CPU
		{E2720851-3250-4FE3-A7BD-309CB5AA377B}.Release|Any CPU.Build.0 = Release|Any CPU
		{1FD61978-F4F1-4495-8167-AC0F8A97C8FA}.All|Any CPU.ActiveCfg = Debug|Any CPU
		{1FD61978-F4F1-4495-8167-AC0F8A97C8FA}.All|Any CPU.Build.0 = Debug|Any CPU
		{1FD61978-F4F1-4495-8167-AC0F8A97C8FA}.Debug|Any CPU.ActiveCfg = Debug|Any CPU
		{1FD61978-F4F1-4495-8167-AC0F8A97C8FA}.Debug|Any CPU.Build.0 = Debug|Any CPU
		{1FD61978-F4F1-4495-8167-AC0F8A97C8FA}.DefaultBuild|Any CPU.ActiveCfg = Debug|Any CPU
		{1FD61978-F4F1-4495-8167-AC0F8A97C8FA}.DefaultBuild|Any CPU.Build.0 = Debug|Any CPU
		{1FD61978-F4F1-4495-8167-AC0F8A97C8FA}.Release|Any CPU.ActiveCfg = Release|Any CPU
		{1FD61978-F4F1-4495-8167-AC0F8A97C8FA}.Release|Any CPU.Build.0 = Release|Any CPU
		{CFDC4384-ECB0-41BA-ACF2-D40A7CA8A4F9}.All|Any CPU.ActiveCfg = Release|Any CPU
		{CFDC4384-ECB0-41BA-ACF2-D40A7CA8A4F9}.All|Any CPU.Build.0 = Release|Any CPU
		{CFDC4384-ECB0-41BA-ACF2-D40A7CA8A4F9}.Debug|Any CPU.ActiveCfg = Debug|Any CPU
		{CFDC4384-ECB0-41BA-ACF2-D40A7CA8A4F9}.Debug|Any CPU.Build.0 = Debug|Any CPU
		{CFDC4384-ECB0-41BA-ACF2-D40A7CA8A4F9}.DefaultBuild|Any CPU.ActiveCfg = Debug|Any CPU
		{CFDC4384-ECB0-41BA-ACF2-D40A7CA8A4F9}.DefaultBuild|Any CPU.Build.0 = Debug|Any CPU
		{CFDC4384-ECB0-41BA-ACF2-D40A7CA8A4F9}.Release|Any CPU.ActiveCfg = Release|Any CPU
		{CFDC4384-ECB0-41BA-ACF2-D40A7CA8A4F9}.Release|Any CPU.Build.0 = Release|Any CPU
		{8730CB9F-9649-46EA-B267-B1D7373D9A0D}.All|Any CPU.ActiveCfg = Debug|Any CPU
		{8730CB9F-9649-46EA-B267-B1D7373D9A0D}.All|Any CPU.Build.0 = Debug|Any CPU
		{8730CB9F-9649-46EA-B267-B1D7373D9A0D}.Debug|Any CPU.ActiveCfg = Debug|Any CPU
		{8730CB9F-9649-46EA-B267-B1D7373D9A0D}.Debug|Any CPU.Build.0 = Debug|Any CPU
		{8730CB9F-9649-46EA-B267-B1D7373D9A0D}.DefaultBuild|Any CPU.ActiveCfg = Debug|Any CPU
		{8730CB9F-9649-46EA-B267-B1D7373D9A0D}.DefaultBuild|Any CPU.Build.0 = Debug|Any CPU
		{8730CB9F-9649-46EA-B267-B1D7373D9A0D}.Release|Any CPU.ActiveCfg = Release|Any CPU
		{8730CB9F-9649-46EA-B267-B1D7373D9A0D}.Release|Any CPU.Build.0 = Release|Any CPU
		{614D1CAC-A112-4052-B08A-C86FB21DA32A}.All|Any CPU.ActiveCfg = Debug|Any CPU
		{614D1CAC-A112-4052-B08A-C86FB21DA32A}.All|Any CPU.Build.0 = Debug|Any CPU
		{614D1CAC-A112-4052-B08A-C86FB21DA32A}.Debug|Any CPU.ActiveCfg = Debug|Any CPU
		{614D1CAC-A112-4052-B08A-C86FB21DA32A}.Debug|Any CPU.Build.0 = Debug|Any CPU
		{614D1CAC-A112-4052-B08A-C86FB21DA32A}.DefaultBuild|Any CPU.ActiveCfg = Debug|Any CPU
		{614D1CAC-A112-4052-B08A-C86FB21DA32A}.DefaultBuild|Any CPU.Build.0 = Debug|Any CPU
		{614D1CAC-A112-4052-B08A-C86FB21DA32A}.Release|Any CPU.ActiveCfg = Release|Any CPU
		{614D1CAC-A112-4052-B08A-C86FB21DA32A}.Release|Any CPU.Build.0 = Release|Any CPU
	EndGlobalSection
	GlobalSection(SolutionProperties) = preSolution
		HideSolutionNode = FALSE
	EndGlobalSection
	GlobalSection(NestedProjects) = preSolution
		{1C618623-E5BF-485F-A7BB-3A895DF6F4E3} = {942239AD-6F36-4DAD-93D0-44B83F8E4F6D}
		{9970A4C1-5C92-43D6-AEC1-260D9E5BC28C} = {1AB1E35A-4DBD-4B8D-8B88-9302B7B3BBB8}
		{D03E1BDB-302D-4756-B2BA-73F206E2D694} = {383B27D1-2E8E-4526-B7D0-6F7BA652A28E}
		{F2F8AF3F-3DFC-4C13-B131-04C3ED11719F} = {383B27D1-2E8E-4526-B7D0-6F7BA652A28E}
		{95E97A99-3F05-4A2A-8675-4E42232A3647} = {79049381-264F-43A5-87FC-16C1EDDC77BB}
		{4D1B5BD4-D94A-4E02-8DF2-B79EDCBBB79A} = {95E97A99-3F05-4A2A-8675-4E42232A3647}
		{6C9CD224-7D6D-487B-AE18-C520223D8650} = {4D1B5BD4-D94A-4E02-8DF2-B79EDCBBB79A}
		{B9540CEC-ECE7-47FE-BCD2-A25B8E106EBE} = {6BBAE997-7773-428B-AB47-C7FA89B2EE05}
		{DB45A1F7-DC31-409D-97C1-BCD66A28067F} = {6BBAE997-7773-428B-AB47-C7FA89B2EE05}
		{CFDC4384-ECB0-41BA-ACF2-D40A7CA8A4F9} = {1AB1E35A-4DBD-4B8D-8B88-9302B7B3BBB8}
		{614D1CAC-A112-4052-B08A-C86FB21DA32A} = {383B27D1-2E8E-4526-B7D0-6F7BA652A28E}
	EndGlobalSection
	GlobalSection(ExtensibilityGlobals) = postSolution
		SolutionGuid = {76F1B00C-2A40-4B88-82DC-8A1D00A17DBD}
	EndGlobalSection
EndGlobal
